
Microsoft Visual Studio Solution File, Format Version 11.00
# Visual Studio 2010
Project("{FAE04EC0-301F-11D3-BF4B-00C04F79EFBC}") = "Assembly-CSharp", "Assembly-CSharp.csproj", "{fcfa5ff7-4bfb-31df-8820-00bc8de7b5ba}"
EndProject
Global
	GlobalSection(SolutionConfigurationPlatforms) = preSolution
		Debug|Any CPU = Debug|Any CPU
		Release|Any CPU = Release|Any CPU
	EndGlobalSection
	GlobalSection(ProjectConfigurationPlatforms) = postSolution
		{fcfa5ff7-4bfb-31df-8820-00bc8de7b5ba}.Debug|Any CPU.ActiveCfg = Debug|Any CPU
		{fcfa5ff7-4bfb-31df-8820-00bc8de7b5ba}.Debug|Any CPU.Build.0 = Debug|Any CPU
		{fcfa5ff7-4bfb-31df-8820-00bc8de7b5ba}.Release|Any CPU.ActiveCfg = Release|Any CPU
		{fcfa5ff7-4bfb-31df-8820-00bc8de7b5ba}.Release|Any CPU.Build.0 = Release|Any CPU
	EndGlobalSection
	GlobalSection(SolutionProperties) = preSolution
		HideSolutionNode = FALSE
	EndGlobalSection
EndGlobal
